
Microsoft Visual Studio Solution File, Format Version 12.00
# Visual Studio Version 17
VisualStudioVersion = 17.4.33205.214
MinimumVisualStudioVersion = 10.0.40219.1
Project("{9A19103F-16F7-4668-BE54-9A1E7A4F7556}") = "WithTopLevelStatements", "WithTopLevelStatements\WithTopLevelStatements.csproj", "{6F2A7C22-5636-4478-ACD7-825ADDB2736C}"
EndProject
Project("{9A19103F-16F7-4668-BE54-9A1E7A4F7556}") = "WithoutTopLevelStatements", "WithoutTopLevelStatements\WithoutTopLevelStatements.csproj", "{3551CC05-1990-42C1-8073-BFAB5FA4998E}"
EndProject
Project("{9A19103F-16F7-4668-BE54-9A1E7A4F7556}") = "WithHostBuilder", "WithHostBuilder\WithHostBuilder.csproj", "{C27808BF-2E9D-4828-97CB-0BDB083B29F8}"
EndProject
Project("{9A19103F-16F7-4668-BE54-9A1E7A4F7556}") = "Net7WithHostBuilder", "Net7WithHostBuilder\Net7WithHostBuilder.csproj", "{1D80E857-7D30-4472-8959-E2A42DEF8AED}"
EndProject
Project("{9A19103F-16F7-4668-BE54-9A1E7A4F7556}") = "Common", "KeyVaultClient\Common.csproj", "{7CA0665D-7DDA-4D28-A937-AB2FE125DBE3}"
EndProject
Project("{2150E333-8FDC-42A3-9474-1A3956D46DE8}") = "1 - Templates", "1 - Templates", "{824D8D4B-5564-4D60-ACAD-8CCE731400E6}"
EndProject
Project("{2150E333-8FDC-42A3-9474-1A3956D46DE8}") = "2 - NET 6 Hostbuilder", "2 - NET 6 Hostbuilder", "{C0D57956-69A8-4C8E-B4CA-D87084D7C640}"
EndProject
Project("{2150E333-8FDC-42A3-9474-1A3956D46DE8}") = "3 - NET 7 Hostbuilder", "3 - NET 7 Hostbuilder", "{8C41F8F0-73C4-47EE-8644-754D9781FEF8}"
EndProject
Project("{9A19103F-16F7-4668-BE54-9A1E7A4F7556}") = "LogToConsole", "LogToConsole\LogToConsole.csproj", "{FBD1E247-7314-4F68-82C2-70C98E132157}"
EndProject
Project("{2150E333-8FDC-42A3-9474-1A3956D46DE8}") = "4 - Logging", "4 - Logging", "{03C3A13C-27B8-442E-BEBC-B6C6F5824E8E}"
EndProject
Project("{9A19103F-16F7-4668-BE54-9A1E7A4F7556}") = "LogToAppInsights", "LogToAppInsights\LogToAppInsights.csproj", "{3F2EFC53-C9E8-40DE-BBA5-F23753AE1CA7}"
EndProject
Project("{2150E333-8FDC-42A3-9474-1A3956D46DE8}") = "5 - Nullability", "5 - Nullability", "{8091EFFB-4FCB-4DDA-B71C-453DEA0205FF}"
EndProject
Project("{9A19103F-16F7-4668-BE54-9A1E7A4F7556}") = "NullabilityDemo01", "NullabilityDemo01\NullabilityDemo01.csproj", "{BA738F51-5DE8-441D-B8C2-FD044D6D795F}"
EndProject
Project("{2150E333-8FDC-42A3-9474-1A3956D46DE8}") = "6 - TPL", "6 - TPL", "{CD4D6D5F-1A81-4D94-9656-7E7F14F677E5}"
EndProject
Project("{9A19103F-16F7-4668-BE54-9A1E7A4F7556}") = "TplDemo001", "TplDemo001\TplDemo001.csproj", "{9E82E63E-18CF-4090-AE6F-8183CDA205EB}"
EndProject
Project("{9A19103F-16F7-4668-BE54-9A1E7A4F7556}") = "Junk", "Junk\Junk.csproj", "{9D47FA3C-81CC-4979-827A-0C5589148651}"
EndProject
Project("{2150E333-8FDC-42A3-9474-1A3956D46DE8}") = "7 - Record Type", "7 - Record Type", "{152FFDDE-C058-4513-AA3B-512BC087B47F}"
EndProject
Project("{FAE04EC0-301F-11D3-BF4B-00C04F79EFBC}") = "RecordTypeBreakdown", "RecordTypeBreakdown\RecordTypeBreakdown.csproj", "{778D8770-0CAB-49EB-9450-AC5FDA152852}"
EndProject
Global
	GlobalSection(SolutionConfigurationPlatforms) = preSolution
		Debug|Any CPU = Debug|Any CPU
		Release|Any CPU = Release|Any CPU
	EndGlobalSection
	GlobalSection(ProjectConfigurationPlatforms) = postSolution
		{6F2A7C22-5636-4478-ACD7-825ADDB2736C}.Debug|Any CPU.ActiveCfg = Debug|Any CPU
		{6F2A7C22-5636-4478-ACD7-825ADDB2736C}.Debug|Any CPU.Build.0 = Debug|Any CPU
		{6F2A7C22-5636-4478-ACD7-825ADDB2736C}.Release|Any CPU.ActiveCfg = Release|Any CPU
		{6F2A7C22-5636-4478-ACD7-825ADDB2736C}.Release|Any CPU.Build.0 = Release|Any CPU
		{3551CC05-1990-42C1-8073-BFAB5FA4998E}.Debug|Any CPU.ActiveCfg = Debug|Any CPU
		{3551CC05-1990-42C1-8073-BFAB5FA4998E}.Debug|Any CPU.Build.0 = Debug|Any CPU
		{3551CC05-1990-42C1-8073-BFAB5FA4998E}.Release|Any CPU.ActiveCfg = Release|Any CPU
		{3551CC05-1990-42C1-8073-BFAB5FA4998E}.Release|Any CPU.Build.0 = Release|Any CPU
		{C27808BF-2E9D-4828-97CB-0BDB083B29F8}.Debug|Any CPU.ActiveCfg = Debug|Any CPU
		{C27808BF-2E9D-4828-97CB-0BDB083B29F8}.Debug|Any CPU.Build.0 = Debug|Any CPU
		{C27808BF-2E9D-4828-97CB-0BDB083B29F8}.Release|Any CPU.ActiveCfg = Release|Any CPU
		{C27808BF-2E9D-4828-97CB-0BDB083B29F8}.Release|Any CPU.Build.0 = Release|Any CPU
		{1D80E857-7D30-4472-8959-E2A42DEF8AED}.Debug|Any CPU.ActiveCfg = Debug|Any CPU
		{1D80E857-7D30-4472-8959-E2A42DEF8AED}.Debug|Any CPU.Build.0 = Debug|Any CPU
		{1D80E857-7D30-4472-8959-E2A42DEF8AED}.Release|Any CPU.ActiveCfg = Release|Any CPU
		{1D80E857-7D30-4472-8959-E2A42DEF8AED}.Release|Any CPU.Build.0 = Release|Any CPU
		{7CA0665D-7DDA-4D28-A937-AB2FE125DBE3}.Debug|Any CPU.ActiveCfg = Debug|Any CPU
		{7CA0665D-7DDA-4D28-A937-AB2FE125DBE3}.Debug|Any CPU.Build.0 = Debug|Any CPU
		{7CA0665D-7DDA-4D28-A937-AB2FE125DBE3}.Release|Any CPU.ActiveCfg = Release|Any CPU
		{7CA0665D-7DDA-4D28-A937-AB2FE125DBE3}.Release|Any CPU.Build.0 = Release|Any CPU
		{FBD1E247-7314-4F68-82C2-70C98E132157}.Debug|Any CPU.ActiveCfg = Debug|Any CPU
		{FBD1E247-7314-4F68-82C2-70C98E132157}.Debug|Any CPU.Build.0 = Debug|Any CPU
		{FBD1E247-7314-4F68-82C2-70C98E132157}.Release|Any CPU.ActiveCfg = Release|Any CPU
		{FBD1E247-7314-4F68-82C2-70C98E132157}.Release|Any CPU.Build.0 = Release|Any CPU
		{3F2EFC53-C9E8-40DE-BBA5-F23753AE1CA7}.Debug|Any CPU.ActiveCfg = Debug|Any CPU
		{3F2EFC53-C9E8-40DE-BBA5-F23753AE1CA7}.Debug|Any CPU.Build.0 = Debug|Any CPU
		{3F2EFC53-C9E8-40DE-BBA5-F23753AE1CA7}.Release|Any CPU.ActiveCfg = Release|Any CPU
		{3F2EFC53-C9E8-40DE-BBA5-F23753AE1CA7}.Release|Any CPU.Build.0 = Release|Any CPU
		{BA738F51-5DE8-441D-B8C2-FD044D6D795F}.Debug|Any CPU.ActiveCfg = Debug|Any CPU
		{BA738F51-5DE8-441D-B8C2-FD044D6D795F}.Debug|Any CPU.Build.0 = Debug|Any CPU
		{BA738F51-5DE8-441D-B8C2-FD044D6D795F}.Release|Any CPU.ActiveCfg = Release|Any CPU
		{BA738F51-5DE8-441D-B8C2-FD044D6D795F}.Release|Any CPU.Build.0 = Release|Any CPU
		{9E82E63E-18CF-4090-AE6F-8183CDA205EB}.Debug|Any CPU.ActiveCfg = Debug|Any CPU
		{9E82E63E-18CF-4090-AE6F-8183CDA205EB}.Debug|Any CPU.Build.0 = Debug|Any CPU
		{9E82E63E-18CF-4090-AE6F-8183CDA205EB}.Release|Any CPU.ActiveCfg = Release|Any CPU
		{9E82E63E-18CF-4090-AE6F-8183CDA205EB}.Release|Any CPU.Build.0 = Release|Any CPU
		{9D47FA3C-81CC-4979-827A-0C5589148651}.Debug|Any CPU.ActiveCfg = Debug|Any CPU
		{9D47FA3C-81CC-4979-827A-0C5589148651}.Debug|Any CPU.Build.0 = Debug|Any CPU
		{9D47FA3C-81CC-4979-827A-0C5589148651}.Release|Any CPU.ActiveCfg = Release|Any CPU
		{9D47FA3C-81CC-4979-827A-0C5589148651}.Release|Any CPU.Build.0 = Release|Any CPU
		{778D8770-0CAB-49EB-9450-AC5FDA152852}.Debug|Any CPU.ActiveCfg = Debug|Any CPU
		{778D8770-0CAB-49EB-9450-AC5FDA152852}.Debug|Any CPU.Build.0 = Debug|Any CPU
		{778D8770-0CAB-49EB-9450-AC5FDA152852}.Release|Any CPU.ActiveCfg = Release|Any CPU
		{778D8770-0CAB-49EB-9450-AC5FDA152852}.Release|Any CPU.Build.0 = Release|Any CPU
	EndGlobalSection
	GlobalSection(SolutionProperties) = preSolution
		HideSolutionNode = FALSE
	EndGlobalSection
	GlobalSection(NestedProjects) = preSolution
		{6F2A7C22-5636-4478-ACD7-825ADDB2736C} = {824D8D4B-5564-4D60-ACAD-8CCE731400E6}
		{3551CC05-1990-42C1-8073-BFAB5FA4998E} = {824D8D4B-5564-4D60-ACAD-8CCE731400E6}
		{C27808BF-2E9D-4828-97CB-0BDB083B29F8} = {C0D57956-69A8-4C8E-B4CA-D87084D7C640}
		{1D80E857-7D30-4472-8959-E2A42DEF8AED} = {8C41F8F0-73C4-47EE-8644-754D9781FEF8}
		{FBD1E247-7314-4F68-82C2-70C98E132157} = {03C3A13C-27B8-442E-BEBC-B6C6F5824E8E}
		{3F2EFC53-C9E8-40DE-BBA5-F23753AE1CA7} = {03C3A13C-27B8-442E-BEBC-B6C6F5824E8E}
		{BA738F51-5DE8-441D-B8C2-FD044D6D795F} = {8091EFFB-4FCB-4DDA-B71C-453DEA0205FF}
		{9E82E63E-18CF-4090-AE6F-8183CDA205EB} = {CD4D6D5F-1A81-4D94-9656-7E7F14F677E5}
		{778D8770-0CAB-49EB-9450-AC5FDA152852} = {152FFDDE-C058-4513-AA3B-512BC087B47F}
	EndGlobalSection
	GlobalSection(ExtensibilityGlobals) = postSolution
		SolutionGuid = {3F48E04A-3D6B-4C28-91DC-809622434AE3}
	EndGlobalSection
EndGlobal
